
Microsoft Visual Studio Solution File, Format Version 12.00
Project("{2150E333-8FDC-42A3-9474-1A3956D46DE8}") = "Session1", "Session1", "{4BE0A8D1-517C-454C-BB9E-E9C837B3050B}"
EndProject
Project("{FAE04EC0-301F-11D3-BF4B-00C04F79EFBC}") = "S1-Ex3", "Session1\S1-Ex3\S1-Ex3.csproj", "{54D1E2EF-20A8-4471-B1BC-1A6898609CC4}"
EndProject
Project("{2150E333-8FDC-42A3-9474-1A3956D46DE8}") = "Session2", "Session2", "{85BA303A-824B-4635-9108-E8EC17F8BE9E}"
EndProject
Project("{FAE04EC0-301F-11D3-BF4B-00C04F79EFBC}") = "S1-Ex4", "Session1\S1-Ex4\S1-Ex4.csproj", "{0A45A7C0-B536-4A1B-A0A1-C82BD4F9D492}"
EndProject
Project("{FAE04EC0-301F-11D3-BF4B-00C04F79EFBC}") = "S1-Ex5", "Session1\S1-Ex5\S1-Ex5.csproj", "{B8D8075C-4CBB-4404-B26C-465747263E60}"
EndProject
Project("{FAE04EC0-301F-11D3-BF4B-00C04F79EFBC}") = "S1-Ex7", "Session1\S1-Ex7\S1-Ex7.csproj", "{FC055C81-AD6F-4168-9614-A8FE85159A69}"
EndProject
Project("{FAE04EC0-301F-11D3-BF4B-00C04F79EFBC}") = "S1-Ex8", "Session1\S1-Ex8\S1-Ex8.csproj", "{9826B65A-3241-46D1-9DF8-9064BAE29365}"
EndProject
Project("{FAE04EC0-301F-11D3-BF4B-00C04F79EFBC}") = "S1-Ex9", "Session1\S1-Ex9\S1-Ex9.csproj", "{C2B7D679-330B-4612-AA66-98FC01DD74FE}"
EndProject
Project("{FAE04EC0-301F-11D3-BF4B-00C04F79EFBC}") = "S1-Ex10", "Session1\S1-Ex10\S1-Ex10.csproj", "{F07ADC34-37B0-4690-8AEF-232F3478486C}"
EndProject
Project("{FAE04EC0-301F-11D3-BF4B-00C04F79EFBC}") = "S1-Ex11", "Session1\S1-Ex11\S1-Ex11.csproj", "{7CE96587-B4DD-4679-9F04-A59E90357987}"
EndProject
Project("{FAE04EC0-301F-11D3-BF4B-00C04F79EFBC}") = "S2-Ex1", "S2-Ex1\S2-Ex1.csproj", "{53D99A13-2B2A-47A5-83BA-AADF14B256F8}"
EndProject
Project("{FAE04EC0-301F-11D3-BF4B-00C04F79EFBC}") = "S2-Ex2", "S2-Ex2\S2-Ex2.csproj", "{CB66F82A-295A-4CF7-A29D-76D662BBC932}"
EndProject
Project("{FAE04EC0-301F-11D3-BF4B-00C04F79EFBC}") = "S2-Ex3", "S2-Ex3\S2-Ex3.csproj", "{869E08F8-D2AE-4DCE-B637-93638DF6BF71}"
EndProject
Project("{FAE04EC0-301F-11D3-BF4B-00C04F79EFBC}") = "S2-Ex4", "S2-Ex4\S2-Ex4.csproj", "{1EE9FB3A-195E-4344-8E62-22A3428E535B}"
EndProject
Project("{FAE04EC0-301F-11D3-BF4B-00C04F79EFBC}") = "S2-Ex5", "S2-Ex5\S2-Ex5.csproj", "{A968094B-8E05-463E-A773-A93B232CCDFF}"
EndProject
Project("{FAE04EC0-301F-11D3-BF4B-00C04F79EFBC}") = "S2-Ex6", "S2-Ex6\S2-Ex6.csproj", "{87E2794A-D242-4D60-950D-E52AB4889B40}"
EndProject
Project("{2150E333-8FDC-42A3-9474-1A3956D46DE8}") = "Session3", "Session3", "{9896E758-A37C-4E29-8B36-11148C7BE5C0}"
EndProject
Project("{FAE04EC0-301F-11D3-BF4B-00C04F79EFBC}") = "S3-Ex1a", "S3-Ex1a\S3-Ex1a.csproj", "{1E29F05C-9F69-4C07-B518-10A6042881AD}"
EndProject
Project("{FAE04EC0-301F-11D3-BF4B-00C04F79EFBC}") = "S3-Ex2", "S3-Ex2\S3-Ex2.csproj", "{4B9AB70F-0071-44BE-B98C-8443CD0DDEF5}"
EndProject
Project("{FAE04EC0-301F-11D3-BF4B-00C04F79EFBC}") = "S3-Ex3_Client", "S3-Ex3_Client\S3-Ex3_Client.csproj", "{45D99F65-85D7-440D-BF8C-DD91A67CB646}"
EndProject
Project("{FAE04EC0-301F-11D3-BF4B-00C04F79EFBC}") = "S3-Ex3_Server", "S3-Ex3_Server\S3-Ex3_Server.csproj", "{B9D5C7A0-E6F4-4EB5-B015-7474149AEDD1}"
EndProject
Project("{FAE04EC0-301F-11D3-BF4B-00C04F79EFBC}") = "S3-Ex4_Client", "S3-Ex4_Client\S3-Ex4_Client.csproj", "{D5F114E7-93D6-4F4D-990B-DF8970B3949A}"
EndProject
Project("{FAE04EC0-301F-11D3-BF4B-00C04F79EFBC}") = "S3-Ex4_Server", "S3-Ex4_Server\S3-Ex4_Server.csproj", "{0AF519B6-A064-41EF-B908-F039D88F1C49}"
EndProject
Project("{FAE04EC0-301F-11D3-BF4B-00C04F79EFBC}") = "S3-Ex5_Client", "S3-Ex5_Client\S3-Ex5_Client.csproj", "{81006AFB-BB43-4B7A-B7D5-6C954A1FB443}"
EndProject
Project("{FAE04EC0-301F-11D3-BF4B-00C04F79EFBC}") = "S3-Ex5_Server", "S3-Ex5_Server\S3-Ex5_Server.csproj", "{221B2115-C2BE-4B64-9452-3B728D0C73A9}"
EndProject
Project("{2150E333-8FDC-42A3-9474-1A3956D46DE8}") = "Session4", "Session4", "{F27F1ED4-47C1-4799-A80D-9585FB2DB4F5}"
EndProject
Project("{FAE04EC0-301F-11D3-BF4B-00C04F79EFBC}") = "TodoAdvanced", "TodoAdvanced\TodoAdvanced.csproj", "{EDAB7237-6A02-46A3-8D8B-B426F51E44D5}"
EndProject
Project("{FAE04EC0-301F-11D3-BF4B-00C04F79EFBC}") = "Bakery", "Bakery\Bakery.csproj", "{BDFBD151-5F90-4308-A6D0-84EC2E2BA9C0}"
EndProject
Global
	GlobalSection(SolutionConfigurationPlatforms) = preSolution
		Debug|Any CPU = Debug|Any CPU
		Release|Any CPU = Release|Any CPU
	EndGlobalSection
	GlobalSection(NestedProjects) = preSolution
		{54D1E2EF-20A8-4471-B1BC-1A6898609CC4} = {4BE0A8D1-517C-454C-BB9E-E9C837B3050B}
		{0A45A7C0-B536-4A1B-A0A1-C82BD4F9D492} = {4BE0A8D1-517C-454C-BB9E-E9C837B3050B}
		{B8D8075C-4CBB-4404-B26C-465747263E60} = {4BE0A8D1-517C-454C-BB9E-E9C837B3050B}
		{FC055C81-AD6F-4168-9614-A8FE85159A69} = {4BE0A8D1-517C-454C-BB9E-E9C837B3050B}
		{9826B65A-3241-46D1-9DF8-9064BAE29365} = {4BE0A8D1-517C-454C-BB9E-E9C837B3050B}
		{C2B7D679-330B-4612-AA66-98FC01DD74FE} = {4BE0A8D1-517C-454C-BB9E-E9C837B3050B}
		{F07ADC34-37B0-4690-8AEF-232F3478486C} = {4BE0A8D1-517C-454C-BB9E-E9C837B3050B}
		{7CE96587-B4DD-4679-9F04-A59E90357987} = {4BE0A8D1-517C-454C-BB9E-E9C837B3050B}
		{53D99A13-2B2A-47A5-83BA-AADF14B256F8} = {85BA303A-824B-4635-9108-E8EC17F8BE9E}
		{CB66F82A-295A-4CF7-A29D-76D662BBC932} = {85BA303A-824B-4635-9108-E8EC17F8BE9E}
		{869E08F8-D2AE-4DCE-B637-93638DF6BF71} = {85BA303A-824B-4635-9108-E8EC17F8BE9E}
		{1EE9FB3A-195E-4344-8E62-22A3428E535B} = {85BA303A-824B-4635-9108-E8EC17F8BE9E}
		{A968094B-8E05-463E-A773-A93B232CCDFF} = {85BA303A-824B-4635-9108-E8EC17F8BE9E}
		{87E2794A-D242-4D60-950D-E52AB4889B40} = {85BA303A-824B-4635-9108-E8EC17F8BE9E}
		{1E29F05C-9F69-4C07-B518-10A6042881AD} = {9896E758-A37C-4E29-8B36-11148C7BE5C0}
		{4B9AB70F-0071-44BE-B98C-8443CD0DDEF5} = {9896E758-A37C-4E29-8B36-11148C7BE5C0}
		{45D99F65-85D7-440D-BF8C-DD91A67CB646} = {9896E758-A37C-4E29-8B36-11148C7BE5C0}
		{B9D5C7A0-E6F4-4EB5-B015-7474149AEDD1} = {9896E758-A37C-4E29-8B36-11148C7BE5C0}
		{D5F114E7-93D6-4F4D-990B-DF8970B3949A} = {9896E758-A37C-4E29-8B36-11148C7BE5C0}
		{0AF519B6-A064-41EF-B908-F039D88F1C49} = {9896E758-A37C-4E29-8B36-11148C7BE5C0}
		{81006AFB-BB43-4B7A-B7D5-6C954A1FB443} = {9896E758-A37C-4E29-8B36-11148C7BE5C0}
		{221B2115-C2BE-4B64-9452-3B728D0C73A9} = {9896E758-A37C-4E29-8B36-11148C7BE5C0}
		{EDAB7237-6A02-46A3-8D8B-B426F51E44D5} = {F27F1ED4-47C1-4799-A80D-9585FB2DB4F5}
		{BDFBD151-5F90-4308-A6D0-84EC2E2BA9C0} = {F27F1ED4-47C1-4799-A80D-9585FB2DB4F5}
	EndGlobalSection
	GlobalSection(ProjectConfigurationPlatforms) = postSolution
		{54D1E2EF-20A8-4471-B1BC-1A6898609CC4}.Debug|Any CPU.ActiveCfg = Debug|Any CPU
		{54D1E2EF-20A8-4471-B1BC-1A6898609CC4}.Debug|Any CPU.Build.0 = Debug|Any CPU
		{54D1E2EF-20A8-4471-B1BC-1A6898609CC4}.Release|Any CPU.ActiveCfg = Release|Any CPU
		{54D1E2EF-20A8-4471-B1BC-1A6898609CC4}.Release|Any CPU.Build.0 = Release|Any CPU
		{0A45A7C0-B536-4A1B-A0A1-C82BD4F9D492}.Debug|Any CPU.ActiveCfg = Debug|Any CPU
		{0A45A7C0-B536-4A1B-A0A1-C82BD4F9D492}.Debug|Any CPU.Build.0 = Debug|Any CPU
		{0A45A7C0-B536-4A1B-A0A1-C82BD4F9D492}.Release|Any CPU.ActiveCfg = Release|Any CPU
		{0A45A7C0-B536-4A1B-A0A1-C82BD4F9D492}.Release|Any CPU.Build.0 = Release|Any CPU
		{B8D8075C-4CBB-4404-B26C-465747263E60}.Debug|Any CPU.ActiveCfg = Debug|Any CPU
		{B8D8075C-4CBB-4404-B26C-465747263E60}.Debug|Any CPU.Build.0 = Debug|Any CPU
		{B8D8075C-4CBB-4404-B26C-465747263E60}.Release|Any CPU.ActiveCfg = Release|Any CPU
		{B8D8075C-4CBB-4404-B26C-465747263E60}.Release|Any CPU.Build.0 = Release|Any CPU
		{FC055C81-AD6F-4168-9614-A8FE85159A69}.Debug|Any CPU.ActiveCfg = Debug|Any CPU
		{FC055C81-AD6F-4168-9614-A8FE85159A69}.Debug|Any CPU.Build.0 = Debug|Any CPU
		{FC055C81-AD6F-4168-9614-A8FE85159A69}.Release|Any CPU.ActiveCfg = Release|Any CPU
		{FC055C81-AD6F-4168-9614-A8FE85159A69}.Release|Any CPU.Build.0 = Release|Any CPU
		{9826B65A-3241-46D1-9DF8-9064BAE29365}.Debug|Any CPU.ActiveCfg = Debug|Any CPU
		{9826B65A-3241-46D1-9DF8-9064BAE29365}.Debug|Any CPU.Build.0 = Debug|Any CPU
		{9826B65A-3241-46D1-9DF8-9064BAE29365}.Release|Any CPU.ActiveCfg = Release|Any CPU
		{9826B65A-3241-46D1-9DF8-9064BAE29365}.Release|Any CPU.Build.0 = Release|Any CPU
		{C2B7D679-330B-4612-AA66-98FC01DD74FE}.Debug|Any CPU.ActiveCfg = Debug|Any CPU
		{C2B7D679-330B-4612-AA66-98FC01DD74FE}.Debug|Any CPU.Build.0 = Debug|Any CPU
		{C2B7D679-330B-4612-AA66-98FC01DD74FE}.Release|Any CPU.ActiveCfg = Release|Any CPU
		{C2B7D679-330B-4612-AA66-98FC01DD74FE}.Release|Any CPU.Build.0 = Release|Any CPU
		{F07ADC34-37B0-4690-8AEF-232F3478486C}.Debug|Any CPU.ActiveCfg = Debug|Any CPU
		{F07ADC34-37B0-4690-8AEF-232F3478486C}.Debug|Any CPU.Build.0 = Debug|Any CPU
		{F07ADC34-37B0-4690-8AEF-232F3478486C}.Release|Any CPU.ActiveCfg = Release|Any CPU
		{F07ADC34-37B0-4690-8AEF-232F3478486C}.Release|Any CPU.Build.0 = Release|Any CPU
		{7CE96587-B4DD-4679-9F04-A59E90357987}.Debug|Any CPU.ActiveCfg = Debug|Any CPU
		{7CE96587-B4DD-4679-9F04-A59E90357987}.Debug|Any CPU.Build.0 = Debug|Any CPU
		{7CE96587-B4DD-4679-9F04-A59E90357987}.Release|Any CPU.ActiveCfg = Release|Any CPU
		{7CE96587-B4DD-4679-9F04-A59E90357987}.Release|Any CPU.Build.0 = Release|Any CPU
		{53D99A13-2B2A-47A5-83BA-AADF14B256F8}.Debug|Any CPU.ActiveCfg = Debug|Any CPU
		{53D99A13-2B2A-47A5-83BA-AADF14B256F8}.Debug|Any CPU.Build.0 = Debug|Any CPU
		{53D99A13-2B2A-47A5-83BA-AADF14B256F8}.Release|Any CPU.ActiveCfg = Release|Any CPU
		{53D99A13-2B2A-47A5-83BA-AADF14B256F8}.Release|Any CPU.Build.0 = Release|Any CPU
		{CB66F82A-295A-4CF7-A29D-76D662BBC932}.Debug|Any CPU.ActiveCfg = Debug|Any CPU
		{CB66F82A-295A-4CF7-A29D-76D662BBC932}.Debug|Any CPU.Build.0 = Debug|Any CPU
		{CB66F82A-295A-4CF7-A29D-76D662BBC932}.Release|Any CPU.ActiveCfg = Release|Any CPU
		{CB66F82A-295A-4CF7-A29D-76D662BBC932}.Release|Any CPU.Build.0 = Release|Any CPU
		{869E08F8-D2AE-4DCE-B637-93638DF6BF71}.Debug|Any CPU.ActiveCfg = Debug|Any CPU
		{869E08F8-D2AE-4DCE-B637-93638DF6BF71}.Debug|Any CPU.Build.0 = Debug|Any CPU
		{869E08F8-D2AE-4DCE-B637-93638DF6BF71}.Release|Any CPU.ActiveCfg = Release|Any CPU
		{869E08F8-D2AE-4DCE-B637-93638DF6BF71}.Release|Any CPU.Build.0 = Release|Any CPU
		{1EE9FB3A-195E-4344-8E62-22A3428E535B}.Debug|Any CPU.ActiveCfg = Debug|Any CPU
		{1EE9FB3A-195E-4344-8E62-22A3428E535B}.Debug|Any CPU.Build.0 = Debug|Any CPU
		{1EE9FB3A-195E-4344-8E62-22A3428E535B}.Release|Any CPU.ActiveCfg = Release|Any CPU
		{1EE9FB3A-195E-4344-8E62-22A3428E535B}.Release|Any CPU.Build.0 = Release|Any CPU
		{A968094B-8E05-463E-A773-A93B232CCDFF}.Debug|Any CPU.ActiveCfg = Debug|Any CPU
		{A968094B-8E05-463E-A773-A93B232CCDFF}.Debug|Any CPU.Build.0 = Debug|Any CPU
		{A968094B-8E05-463E-A773-A93B232CCDFF}.Release|Any CPU.ActiveCfg = Release|Any CPU
		{A968094B-8E05-463E-A773-A93B232CCDFF}.Release|Any CPU.Build.0 = Release|Any CPU
		{87E2794A-D242-4D60-950D-E52AB4889B40}.Debug|Any CPU.ActiveCfg = Debug|Any CPU
		{87E2794A-D242-4D60-950D-E52AB4889B40}.Debug|Any CPU.Build.0 = Debug|Any CPU
		{87E2794A-D242-4D60-950D-E52AB4889B40}.Release|Any CPU.ActiveCfg = Release|Any CPU
		{87E2794A-D242-4D60-950D-E52AB4889B40}.Release|Any CPU.Build.0 = Release|Any CPU
		{1E29F05C-9F69-4C07-B518-10A6042881AD}.Debug|Any CPU.ActiveCfg = Debug|Any CPU
		{1E29F05C-9F69-4C07-B518-10A6042881AD}.Debug|Any CPU.Build.0 = Debug|Any CPU
		{1E29F05C-9F69-4C07-B518-10A6042881AD}.Release|Any CPU.ActiveCfg = Release|Any CPU
		{1E29F05C-9F69-4C07-B518-10A6042881AD}.Release|Any CPU.Build.0 = Release|Any CPU
		{4B9AB70F-0071-44BE-B98C-8443CD0DDEF5}.Debug|Any CPU.ActiveCfg = Debug|Any CPU
		{4B9AB70F-0071-44BE-B98C-8443CD0DDEF5}.Debug|Any CPU.Build.0 = Debug|Any CPU
		{4B9AB70F-0071-44BE-B98C-8443CD0DDEF5}.Release|Any CPU.ActiveCfg = Release|Any CPU
		{4B9AB70F-0071-44BE-B98C-8443CD0DDEF5}.Release|Any CPU.Build.0 = Release|Any CPU
		{45D99F65-85D7-440D-BF8C-DD91A67CB646}.Debug|Any CPU.ActiveCfg = Debug|Any CPU
		{45D99F65-85D7-440D-BF8C-DD91A67CB646}.Debug|Any CPU.Build.0 = Debug|Any CPU
		{45D99F65-85D7-440D-BF8C-DD91A67CB646}.Release|Any CPU.ActiveCfg = Release|Any CPU
		{45D99F65-85D7-440D-BF8C-DD91A67CB646}.Release|Any CPU.Build.0 = Release|Any CPU
		{B9D5C7A0-E6F4-4EB5-B015-7474149AEDD1}.Debug|Any CPU.ActiveCfg = Debug|Any CPU
		{B9D5C7A0-E6F4-4EB5-B015-7474149AEDD1}.Debug|Any CPU.Build.0 = Debug|Any CPU
		{B9D5C7A0-E6F4-4EB5-B015-7474149AEDD1}.Release|Any CPU.ActiveCfg = Release|Any CPU
		{B9D5C7A0-E6F4-4EB5-B015-7474149AEDD1}.Release|Any CPU.Build.0 = Release|Any CPU
		{D5F114E7-93D6-4F4D-990B-DF8970B3949A}.Debug|Any CPU.ActiveCfg = Debug|Any CPU
		{D5F114E7-93D6-4F4D-990B-DF8970B3949A}.Debug|Any CPU.Build.0 = Debug|Any CPU
		{D5F114E7-93D6-4F4D-990B-DF8970B3949A}.Release|Any CPU.ActiveCfg = Release|Any CPU
		{D5F114E7-93D6-4F4D-990B-DF8970B3949A}.Release|Any CPU.Build.0 = Release|Any CPU
		{0AF519B6-A064-41EF-B908-F039D88F1C49}.Debug|Any CPU.ActiveCfg = Debug|Any CPU
		{0AF519B6-A064-41EF-B908-F039D88F1C49}.Debug|Any CPU.Build.0 = Debug|Any CPU
		{0AF519B6-A064-41EF-B908-F039D88F1C49}.Release|Any CPU.ActiveCfg = Release|Any CPU
		{0AF519B6-A064-41EF-B908-F039D88F1C49}.Release|Any CPU.Build.0 = Release|Any CPU
		{81006AFB-BB43-4B7A-B7D5-6C954A1FB443}.Debug|Any CPU.ActiveCfg = Debug|Any CPU
		{81006AFB-BB43-4B7A-B7D5-6C954A1FB443}.Debug|Any CPU.Build.0 = Debug|Any CPU
		{81006AFB-BB43-4B7A-B7D5-6C954A1FB443}.Release|Any CPU.ActiveCfg = Release|Any CPU
		{81006AFB-BB43-4B7A-B7D5-6C954A1FB443}.Release|Any CPU.Build.0 = Release|Any CPU
		{221B2115-C2BE-4B64-9452-3B728D0C73A9}.Debug|Any CPU.ActiveCfg = Debug|Any CPU
		{221B2115-C2BE-4B64-9452-3B728D0C73A9}.Debug|Any CPU.Build.0 = Debug|Any CPU
		{221B2115-C2BE-4B64-9452-3B728D0C73A9}.Release|Any CPU.ActiveCfg = Release|Any CPU
		{221B2115-C2BE-4B64-9452-3B728D0C73A9}.Release|Any CPU.Build.0 = Release|Any CPU
		{EDAB7237-6A02-46A3-8D8B-B426F51E44D5}.Debug|Any CPU.ActiveCfg = Debug|Any CPU
		{EDAB7237-6A02-46A3-8D8B-B426F51E44D5}.Debug|Any CPU.Build.0 = Debug|Any CPU
		{EDAB7237-6A02-46A3-8D8B-B426F51E44D5}.Release|Any CPU.ActiveCfg = Release|Any CPU
		{EDAB7237-6A02-46A3-8D8B-B426F51E44D5}.Release|Any CPU.Build.0 = Release|Any CPU
		{BDFBD151-5F90-4308-A6D0-84EC2E2BA9C0}.Debug|Any CPU.ActiveCfg = Debug|Any CPU
		{BDFBD151-5F90-4308-A6D0-84EC2E2BA9C0}.Debug|Any CPU.Build.0 = Debug|Any CPU
		{BDFBD151-5F90-4308-A6D0-84EC2E2BA9C0}.Release|Any CPU.ActiveCfg = Release|Any CPU
		{BDFBD151-5F90-4308-A6D0-84EC2E2BA9C0}.Release|Any CPU.Build.0 = Release|Any CPU
	EndGlobalSection
EndGlobal
